
Microsoft Visual Studio Solution File, Format Version 12.00
# Visual Studio Version 17
VisualStudioVersion = 17.0.31903.59
MinimumVisualStudioVersion = 10.0.40219.1
Project("{FAE04EC0-301F-11D3-BF4B-00C04F79EFBC}") = "API", "API\API.csproj", "{91F13562-9B1F-463D-83C4-FCD473C7132F}"
EndProject
Project("{FAE04EC0-301F-11D3-BF4B-00C04F79EFBC}") = "Core", "Core\Core.csproj", "{D47994A3-973C-4CC1-9605-AAB32ECFEE90}"
EndProject
Project("{FAE04EC0-301F-11D3-BF4B-00C04F79EFBC}") = "Infrastructure", "Infrastructure\Infrastructure.csproj", "{81680145-8B5E-40BC-B483-547F4B112DA6}"
EndProject
Global
	GlobalSection(SolutionConfigurationPlatforms) = preSolution
		Debug|Any CPU = Debug|Any CPU
		Release|Any CPU = Release|Any CPU
	EndGlobalSection
	GlobalSection(SolutionProperties) = preSolution
		HideSolutionNode = FALSE
	EndGlobalSection
	GlobalSection(ProjectConfigurationPlatforms) = postSolution
		{91F13562-9B1F-463D-83C4-FCD473C7132F}.Debug|Any CPU.ActiveCfg = Debug|Any CPU
		{91F13562-9B1F-463D-83C4-FCD473C7132F}.Debug|Any CPU.Build.0 = Debug|Any CPU
		{91F13562-9B1F-463D-83C4-FCD473C7132F}.Release|Any CPU.ActiveCfg = Release|Any CPU
		{91F13562-9B1F-463D-83C4-FCD473C7132F}.Release|Any CPU.Build.0 = Release|Any CPU
		{D47994A3-973C-4CC1-9605-AAB32ECFEE90}.Debug|Any CPU.ActiveCfg = Debug|Any CPU
		{D47994A3-973C-4CC1-9605-AAB32ECFEE90}.Debug|Any CPU.Build.0 = Debug|Any CPU
		{D47994A3-973C-4CC1-9605-AAB32ECFEE90}.Release|Any CPU.ActiveCfg = Release|Any CPU
		{D47994A3-973C-4CC1-9605-AAB32ECFEE90}.Release|Any CPU.Build.0 = Release|Any CPU
		{81680145-8B5E-40BC-B483-547F4B112DA6}.Debug|Any CPU.ActiveCfg = Debug|Any CPU
		{81680145-8B5E-40BC-B483-547F4B112DA6}.Debug|Any CPU.Build.0 = Debug|Any CPU
		{81680145-8B5E-40BC-B483-547F4B112DA6}.Release|Any CPU.ActiveCfg = Release|Any CPU
		{81680145-8B5E-40BC-B483-547F4B112DA6}.Release|Any CPU.Build.0 = Release|Any CPU
	EndGlobalSection
EndGlobal
